
Microsoft Visual Studio Solution File, Format Version 12.00
# Visual Studio 15
VisualStudioVersion = 15.0.26730.12
MinimumVisualStudioVersion = 10.0.40219.1
Project("{FAE04EC0-301F-11D3-BF4B-00C04F79EFBC}") = "SistemiBaslat", "SistemiBaslat\SistemiBaslat.csproj", "{4374C11F-5E60-4E6E-8FBF-E00944FF0677}"
EndProject
Global
	GlobalSection(SolutionConfigurationPlatforms) = preSolution
		Debug|Any CPU = Debug|Any CPU
		Release|Any CPU = Release|Any CPU
	EndGlobalSection
	GlobalSection(ProjectConfigurationPlatforms) = postSolution
		{4374C11F-5E60-4E6E-8FBF-E00944FF0677}.Debug|Any CPU.ActiveCfg = Debug|Any CPU
		{4374C11F-5E60-4E6E-8FBF-E00944FF0677}.Debug|Any CPU.Build.0 = Debug|Any CPU
		{4374C11F-5E60-4E6E-8FBF-E00944FF0677}.Release|Any CPU.ActiveCfg = Release|Any CPU
		{4374C11F-5E60-4E6E-8FBF-E00944FF0677}.Release|Any CPU.Build.0 = Release|Any CPU
	EndGlobalSection
	GlobalSection(SolutionProperties) = preSolution
		HideSolutionNode = FALSE
	EndGlobalSection
	GlobalSection(ExtensibilityGlobals) = postSolution
		SolutionGuid = {676974E8-7720-458B-BF4A-52123D4E5A07}
	EndGlobalSection
EndGlobal
